// !$*UTF8*$!
{
	archiveVersion = 1;
	classes = {
	};
	objectVersion = 48;
	objects = {

/* Begin PBXBuildFile section */
		032379F91FC8F2A400480A89 /* StretchViewController.swift in Sources */ = {isa = PBXBuildFile; fileRef = 032379F81FC8F2A400480A89 /* StretchViewController.swift */; };
		032379FB1FC8F88100480A89 /* StretchEditController.swift in Sources */ = {isa = PBXBuildFile; fileRef = 032379FA1FC8F88100480A89 /* StretchEditController.swift */; };
		03237A061FC9C1D500480A89 /* Model.xcdatamodeld in Sources */ = {isa = PBXBuildFile; fileRef = 03237A041FC9C1D500480A89 /* Model.xcdatamodeld */; };
		03237A3E1FCA266600480A89 /* PickerTableController.swift in Sources */ = {isa = PBXBuildFile; fileRef = 03237A3D1FCA266600480A89 /* PickerTableController.swift */; };
		03237A401FCA2A4A00480A89 /* PickerTableCell.swift in Sources */ = {isa = PBXBuildFile; fileRef = 03237A3F1FCA2A4A00480A89 /* PickerTableCell.swift */; };
		03471BF91FCC7428008671A7 /* AutoEnumAllCases.stencil in Resources */ = {isa = PBXBuildFile; fileRef = 03471BF81FCC7428008671A7 /* AutoEnumAllCases.stencil */; };
		03471BFE1FCC7CFE008671A7 /* AutoEnumAllCases.generated.swift in Sources */ = {isa = PBXBuildFile; fileRef = 03471BFD1FCC7CFE008671A7 /* AutoEnumAllCases.generated.swift */; };
		036F189F1FC1747B00D5FC02 /* AppDelegate.swift in Sources */ = {isa = PBXBuildFile; fileRef = 036F189E1FC1747B00D5FC02 /* AppDelegate.swift */; };
		036F18A41FC1747B00D5FC02 /* Main.storyboard in Resources */ = {isa = PBXBuildFile; fileRef = 036F18A21FC1747B00D5FC02 /* Main.storyboard */; };
		036F18A61FC1747B00D5FC02 /* Assets.xcassets in Resources */ = {isa = PBXBuildFile; fileRef = 036F18A51FC1747B00D5FC02 /* Assets.xcassets */; };
		036F18A91FC1747B00D5FC02 /* LaunchScreen.storyboard in Resources */ = {isa = PBXBuildFile; fileRef = 036F18A71FC1747B00D5FC02 /* LaunchScreen.storyboard */; };
		036F18B41FC1747B00D5FC02 /* FantastretchTests.swift in Sources */ = {isa = PBXBuildFile; fileRef = 036F18B31FC1747B00D5FC02 /* FantastretchTests.swift */; };
		036F18BF1FC19FCA00D5FC02 /* RatingControl.swift in Sources */ = {isa = PBXBuildFile; fileRef = 036F18BE1FC19FCA00D5FC02 /* RatingControl.swift */; };
		036F18C11FC1BA7900D5FC02 /* Stretch.swift in Sources */ = {isa = PBXBuildFile; fileRef = 036F18C01FC1BA7900D5FC02 /* Stretch.swift */; };
		036F18C31FC1C96800D5FC02 /* StretchTableViewCell.swift in Sources */ = {isa = PBXBuildFile; fileRef = 036F18C21FC1C96800D5FC02 /* StretchTableViewCell.swift */; };
		036F18C51FC1D20A00D5FC02 /* StretchTableViewController.swift in Sources */ = {isa = PBXBuildFile; fileRef = 036F18C41FC1D20A00D5FC02 /* StretchTableViewController.swift */; };
		03E31D091FCB66CE003E145B /* RootTabController.swift in Sources */ = {isa = PBXBuildFile; fileRef = 03E31D081FCB66CE003E145B /* RootTabController.swift */; };
		03E31D131FCB80EF003E145B /* FantastretchUITests.swift in Sources */ = {isa = PBXBuildFile; fileRef = 03E31D121FCB80EF003E145B /* FantastretchUITests.swift */; };
		03EBBDD51FCC7E9C001ED74E /* SourceryProtocols.swift in Sources */ = {isa = PBXBuildFile; fileRef = 03EBBDD41FCC7E9C001ED74E /* SourceryProtocols.swift */; };
/* End PBXBuildFile section */

/* Begin PBXContainerItemProxy section */
		036F18B01FC1747B00D5FC02 /* PBXContainerItemProxy */ = {
			isa = PBXContainerItemProxy;
			containerPortal = 036F18931FC1747A00D5FC02 /* Project object */;
			proxyType = 1;
			remoteGlobalIDString = 036F189A1FC1747B00D5FC02;
			remoteInfo = Fantastretch;
		};
		03E31D151FCB80EF003E145B /* PBXContainerItemProxy */ = {
			isa = PBXContainerItemProxy;
			containerPortal = 036F18931FC1747A00D5FC02 /* Project object */;
			proxyType = 1;
			remoteGlobalIDString = 036F189A1FC1747B00D5FC02;
			remoteInfo = Fantastretch;
		};
/* End PBXContainerItemProxy section */

/* Begin PBXFileReference section */
		032379F81FC8F2A400480A89 /* StretchViewController.swift */ = {isa = PBXFileReference; lastKnownFileType = sourcecode.swift; path = StretchViewController.swift; sourceTree = "<group>"; };
		032379FA1FC8F88100480A89 /* StretchEditController.swift */ = {isa = PBXFileReference; lastKnownFileType = sourcecode.swift; path = StretchEditController.swift; sourceTree = "<group>"; };
		03237A051FC9C1D500480A89 /* Model.xcdatamodel */ = {isa = PBXFileReference; lastKnownFileType = wrapper.xcdatamodel; path = Model.xcdatamodel; sourceTree = "<group>"; };
		03237A3D1FCA266600480A89 /* PickerTableController.swift */ = {isa = PBXFileReference; lastKnownFileType = sourcecode.swift; path = PickerTableController.swift; sourceTree = "<group>"; };
		03237A3F1FCA2A4A00480A89 /* PickerTableCell.swift */ = {isa = PBXFileReference; lastKnownFileType = sourcecode.swift; path = PickerTableCell.swift; sourceTree = "<group>"; };
		03471BF81FCC7428008671A7 /* AutoEnumAllCases.stencil */ = {isa = PBXFileReference; lastKnownFileType = text; path = AutoEnumAllCases.stencil; sourceTree = "<group>"; };
		03471BFD1FCC7CFE008671A7 /* AutoEnumAllCases.generated.swift */ = {isa = PBXFileReference; fileEncoding = 4; lastKnownFileType = sourcecode.swift; path = AutoEnumAllCases.generated.swift; sourceTree = "<group>"; };
		036F189B1FC1747B00D5FC02 /* Fantastretch.app */ = {isa = PBXFileReference; explicitFileType = wrapper.application; includeInIndex = 0; path = Fantastretch.app; sourceTree = BUILT_PRODUCTS_DIR; };
		036F189E1FC1747B00D5FC02 /* AppDelegate.swift */ = {isa = PBXFileReference; lastKnownFileType = sourcecode.swift; path = AppDelegate.swift; sourceTree = "<group>"; };
		036F18A31FC1747B00D5FC02 /* Base */ = {isa = PBXFileReference; lastKnownFileType = file.storyboard; name = Base; path = Base.lproj/Main.storyboard; sourceTree = "<group>"; };
		036F18A51FC1747B00D5FC02 /* Assets.xcassets */ = {isa = PBXFileReference; lastKnownFileType = folder.assetcatalog; path = Assets.xcassets; sourceTree = "<group>"; };
		036F18A81FC1747B00D5FC02 /* Base */ = {isa = PBXFileReference; lastKnownFileType = file.storyboard; name = Base; path = Base.lproj/LaunchScreen.storyboard; sourceTree = "<group>"; };
		036F18AA1FC1747B00D5FC02 /* Info.plist */ = {isa = PBXFileReference; lastKnownFileType = text.plist.xml; path = Info.plist; sourceTree = "<group>"; };
		036F18AF1FC1747B00D5FC02 /* FantastretchTests.xctest */ = {isa = PBXFileReference; explicitFileType = wrapper.cfbundle; includeInIndex = 0; path = FantastretchTests.xctest; sourceTree = BUILT_PRODUCTS_DIR; };
		036F18B31FC1747B00D5FC02 /* FantastretchTests.swift */ = {isa = PBXFileReference; lastKnownFileType = sourcecode.swift; path = FantastretchTests.swift; sourceTree = "<group>"; };
		036F18B51FC1747B00D5FC02 /* Info.plist */ = {isa = PBXFileReference; lastKnownFileType = text.plist.xml; path = Info.plist; sourceTree = "<group>"; };
		036F18BE1FC19FCA00D5FC02 /* RatingControl.swift */ = {isa = PBXFileReference; lastKnownFileType = sourcecode.swift; path = RatingControl.swift; sourceTree = "<group>"; };
		036F18C01FC1BA7900D5FC02 /* Stretch.swift */ = {isa = PBXFileReference; lastKnownFileType = sourcecode.swift; path = Stretch.swift; sourceTree = "<group>"; };
		036F18C21FC1C96800D5FC02 /* StretchTableViewCell.swift */ = {isa = PBXFileReference; lastKnownFileType = sourcecode.swift; path = StretchTableViewCell.swift; sourceTree = "<group>"; };
		036F18C41FC1D20A00D5FC02 /* StretchTableViewController.swift */ = {isa = PBXFileReference; lastKnownFileType = sourcecode.swift; path = StretchTableViewController.swift; sourceTree = "<group>"; };
		03E31D081FCB66CE003E145B /* RootTabController.swift */ = {isa = PBXFileReference; lastKnownFileType = sourcecode.swift; path = RootTabController.swift; sourceTree = "<group>"; };
		03E31D101FCB80EF003E145B /* FantastretchUITests.xctest */ = {isa = PBXFileReference; explicitFileType = wrapper.cfbundle; includeInIndex = 0; path = FantastretchUITests.xctest; sourceTree = BUILT_PRODUCTS_DIR; };
		03E31D121FCB80EF003E145B /* FantastretchUITests.swift */ = {isa = PBXFileReference; lastKnownFileType = sourcecode.swift; path = FantastretchUITests.swift; sourceTree = "<group>"; };
		03E31D141FCB80EF003E145B /* Info.plist */ = {isa = PBXFileReference; lastKnownFileType = text.plist.xml; path = Info.plist; sourceTree = "<group>"; };
		03EBBDD41FCC7E9C001ED74E /* SourceryProtocols.swift */ = {isa = PBXFileReference; lastKnownFileType = sourcecode.swift; path = SourceryProtocols.swift; sourceTree = "<group>"; };
/* End PBXFileReference section */

/* Begin PBXFrameworksBuildPhase section */
		036F18981FC1747B00D5FC02 /* Frameworks */ = {
			isa = PBXFrameworksBuildPhase;
			buildActionMask = 2147483647;
			files = (
			);
			runOnlyForDeploymentPostprocessing = 0;
		};
		036F18AC1FC1747B00D5FC02 /* Frameworks */ = {
			isa = PBXFrameworksBuildPhase;
			buildActionMask = 2147483647;
			files = (
			);
			runOnlyForDeploymentPostprocessing = 0;
		};
		03E31D0D1FCB80EF003E145B /* Frameworks */ = {
			isa = PBXFrameworksBuildPhase;
			buildActionMask = 2147483647;
			files = (
			);
			runOnlyForDeploymentPostprocessing = 0;
		};
/* End PBXFrameworksBuildPhase section */

/* Begin PBXGroup section */
		03237A421FCAE2DE00480A89 /* StretchViews */ = {
			isa = PBXGroup;
			children = (
				036F18C41FC1D20A00D5FC02 /* StretchTableViewController.swift */,
				036F18C21FC1C96800D5FC02 /* StretchTableViewCell.swift */,
				032379F81FC8F2A400480A89 /* StretchViewController.swift */,
				032379FA1FC8F88100480A89 /* StretchEditController.swift */,
				03237A3D1FCA266600480A89 /* PickerTableController.swift */,
				03237A3F1FCA2A4A00480A89 /* PickerTableCell.swift */,
			);
			path = StretchViews;
			sourceTree = "<group>";
		};
		03471BF61FCC73B3008671A7 /* SourceryTemplates */ = {
			isa = PBXGroup;
			children = (
				03471BF81FCC7428008671A7 /* AutoEnumAllCases.stencil */,
			);
			path = SourceryTemplates;
			sourceTree = "<group>";
		};
		03471BF71FCC73EC008671A7 /* SourceryGenerated */ = {
			isa = PBXGroup;
			children = (
				03471BFD1FCC7CFE008671A7 /* AutoEnumAllCases.generated.swift */,
			);
			path = SourceryGenerated;
			sourceTree = "<group>";
		};
		036F18921FC1747A00D5FC02 = {
			isa = PBXGroup;
			children = (
				03471BF61FCC73B3008671A7 /* SourceryTemplates */,
				036F189D1FC1747B00D5FC02 /* Fantastretch */,
				036F18B21FC1747B00D5FC02 /* FantastretchTests */,
				03E31D111FCB80EF003E145B /* FantastretchUITests */,
				036F189C1FC1747B00D5FC02 /* Products */,
			);
			sourceTree = "<group>";
		};
		036F189C1FC1747B00D5FC02 /* Products */ = {
			isa = PBXGroup;
			children = (
				036F189B1FC1747B00D5FC02 /* Fantastretch.app */,
				036F18AF1FC1747B00D5FC02 /* FantastretchTests.xctest */,
				03E31D101FCB80EF003E145B /* FantastretchUITests.xctest */,
			);
			name = Products;
			sourceTree = "<group>";
		};
		036F189D1FC1747B00D5FC02 /* Fantastretch */ = {
			isa = PBXGroup;
			children = (
				03471BF71FCC73EC008671A7 /* SourceryGenerated */,
				03EBBDD41FCC7E9C001ED74E /* SourceryProtocols.swift */,
				03237A421FCAE2DE00480A89 /* StretchViews */,
				036F18C01FC1BA7900D5FC02 /* Stretch.swift */,
				036F189E1FC1747B00D5FC02 /* AppDelegate.swift */,
				036F18BE1FC19FCA00D5FC02 /* RatingControl.swift */,
				036F18A21FC1747B00D5FC02 /* Main.storyboard */,
				036F18A51FC1747B00D5FC02 /* Assets.xcassets */,
				036F18A71FC1747B00D5FC02 /* LaunchScreen.storyboard */,
				036F18AA1FC1747B00D5FC02 /* Info.plist */,
				03237A041FC9C1D500480A89 /* Model.xcdatamodeld */,
				03E31D081FCB66CE003E145B /* RootTabController.swift */,
			);
			path = Fantastretch;
			sourceTree = "<group>";
		};
		036F18B21FC1747B00D5FC02 /* FantastretchTests */ = {
			isa = PBXGroup;
			children = (
				036F18B31FC1747B00D5FC02 /* FantastretchTests.swift */,
				036F18B51FC1747B00D5FC02 /* Info.plist */,
			);
			path = FantastretchTests;
			sourceTree = "<group>";
		};
		03E31D111FCB80EF003E145B /* FantastretchUITests */ = {
			isa = PBXGroup;
			children = (
				03E31D121FCB80EF003E145B /* FantastretchUITests.swift */,
				03E31D141FCB80EF003E145B /* Info.plist */,
			);
			path = FantastretchUITests;
			sourceTree = "<group>";
		};
/* End PBXGroup section */

/* Begin PBXNativeTarget section */
		036F189A1FC1747B00D5FC02 /* Fantastretch */ = {
			isa = PBXNativeTarget;
			buildConfigurationList = 036F18B81FC1747B00D5FC02 /* Build configuration list for PBXNativeTarget "Fantastretch" */;
			buildPhases = (
				03471BFA1FCC7484008671A7 /* Sourcery */,
				03A248691FC37D9700BBF5B6 /* Swift Format */,
				036F18971FC1747B00D5FC02 /* Sources */,
				036F18981FC1747B00D5FC02 /* Frameworks */,
				036F18991FC1747B00D5FC02 /* Resources */,
			);
			buildRules = (
			);
			dependencies = (
			);
			name = Fantastretch;
			productName = Fantastretch;
			productReference = 036F189B1FC1747B00D5FC02 /* Fantastretch.app */;
			productType = "com.apple.product-type.application";
		};
		036F18AE1FC1747B00D5FC02 /* FantastretchTests */ = {
			isa = PBXNativeTarget;
			buildConfigurationList = 036F18BB1FC1747B00D5FC02 /* Build configuration list for PBXNativeTarget "FantastretchTests" */;
			buildPhases = (
				036F18AB1FC1747B00D5FC02 /* Sources */,
				036F18AC1FC1747B00D5FC02 /* Frameworks */,
				036F18AD1FC1747B00D5FC02 /* Resources */,
			);
			buildRules = (
			);
			dependencies = (
				036F18B11FC1747B00D5FC02 /* PBXTargetDependency */,
			);
			name = FantastretchTests;
			productName = FantastretchTests;
			productReference = 036F18AF1FC1747B00D5FC02 /* FantastretchTests.xctest */;
			productType = "com.apple.product-type.bundle.unit-test";
		};
		03E31D0F1FCB80EF003E145B /* FantastretchUITests */ = {
			isa = PBXNativeTarget;
			buildConfigurationList = 03E31D171FCB80EF003E145B /* Build configuration list for PBXNativeTarget "FantastretchUITests" */;
			buildPhases = (
				03E31D0C1FCB80EF003E145B /* Sources */,
				03E31D0D1FCB80EF003E145B /* Frameworks */,
				03E31D0E1FCB80EF003E145B /* Resources */,
			);
			buildRules = (
			);
			dependencies = (
				03E31D161FCB80EF003E145B /* PBXTargetDependency */,
			);
			name = FantastretchUITests;
			productName = FantastretchUITests;
			productReference = 03E31D101FCB80EF003E145B /* FantastretchUITests.xctest */;
			productType = "com.apple.product-type.bundle.ui-testing";
		};
/* End PBXNativeTarget section */

/* Begin PBXProject section */
		036F18931FC1747A00D5FC02 /* Project object */ = {
			isa = PBXProject;
			attributes = {
				LastSwiftUpdateCheck = 0910;
				LastUpgradeCheck = 0910;
				ORGANIZATIONNAME = Vleue;
				TargetAttributes = {
					036F189A1FC1747B00D5FC02 = {
						CreatedOnToolsVersion = 9.1;
						ProvisioningStyle = Automatic;
					};
					036F18AE1FC1747B00D5FC02 = {
						CreatedOnToolsVersion = 9.1;
						ProvisioningStyle = Automatic;
						TestTargetID = 036F189A1FC1747B00D5FC02;
					};
					03E31D0F1FCB80EF003E145B = {
						CreatedOnToolsVersion = 9.1;
						ProvisioningStyle = Automatic;
						TestTargetID = 036F189A1FC1747B00D5FC02;
					};
				};
			};
			buildConfigurationList = 036F18961FC1747A00D5FC02 /* Build configuration list for PBXProject "Fantastretch" */;
			compatibilityVersion = "Xcode 8.0";
			developmentRegion = en;
			hasScannedForEncodings = 0;
			knownRegions = (
				en,
				Base,
			);
			mainGroup = 036F18921FC1747A00D5FC02;
			productRefGroup = 036F189C1FC1747B00D5FC02 /* Products */;
			projectDirPath = "";
			projectRoot = "";
			targets = (
				036F189A1FC1747B00D5FC02 /* Fantastretch */,
				036F18AE1FC1747B00D5FC02 /* FantastretchTests */,
				03E31D0F1FCB80EF003E145B /* FantastretchUITests */,
			);
		};
/* End PBXProject section */

/* Begin PBXResourcesBuildPhase section */
		036F18991FC1747B00D5FC02 /* Resources */ = {
			isa = PBXResourcesBuildPhase;
			buildActionMask = 2147483647;
			files = (
				036F18A91FC1747B00D5FC02 /* LaunchScreen.storyboard in Resources */,
				036F18A61FC1747B00D5FC02 /* Assets.xcassets in Resources */,
				03471BF91FCC7428008671A7 /* AutoEnumAllCases.stencil in Resources */,
				036F18A41FC1747B00D5FC02 /* Main.storyboard in Resources */,
			);
			runOnlyForDeploymentPostprocessing = 0;
		};
		036F18AD1FC1747B00D5FC02 /* Resources */ = {
			isa = PBXResourcesBuildPhase;
			buildActionMask = 2147483647;
			files = (
			);
			runOnlyForDeploymentPostprocessing = 0;
		};
		03E31D0E1FCB80EF003E145B /* Resources */ = {
			isa = PBXResourcesBuildPhase;
			buildActionMask = 2147483647;
			files = (
			);
			runOnlyForDeploymentPostprocessing = 0;
		};
/* End PBXResourcesBuildPhase section */

/* Begin PBXShellScriptBuildPhase section */
		03471BFA1FCC7484008671A7 /* Sourcery */ = {
			isa = PBXShellScriptBuildPhase;
			buildActionMask = 2147483647;
			files = (
			);
			inputPaths = (
			);
			name = Sourcery;
			outputPaths = (
			);
			runOnlyForDeploymentPostprocessing = 0;
			shellPath = /bin/sh;
			shellScript = "/usr/local/bin/sourcery\n";
		};
		03A248691FC37D9700BBF5B6 /* Swift Format */ = {
			isa = PBXShellScriptBuildPhase;
			buildActionMask = 2147483647;
			files = (
			);
			inputPaths = (
			);
			name = "Swift Format";
			outputPaths = (
			);
			runOnlyForDeploymentPostprocessing = 0;
			shellPath = /bin/sh;
			shellScript = "/usr/local/bin/swiftformat .\n";
		};
/* End PBXShellScriptBuildPhase section */

/* Begin PBXSourcesBuildPhase section */
		036F18971FC1747B00D5FC02 /* Sources */ = {
			isa = PBXSourcesBuildPhase;
			buildActionMask = 2147483647;
			files = (
				036F18C31FC1C96800D5FC02 /* StretchTableViewCell.swift in Sources */,
				036F18C51FC1D20A00D5FC02 /* StretchTableViewController.swift in Sources */,
				03237A401FCA2A4A00480A89 /* PickerTableCell.swift in Sources */,
				03EBBDD51FCC7E9C001ED74E /* SourceryProtocols.swift in Sources */,
				036F18C11FC1BA7900D5FC02 /* Stretch.swift in Sources */,
				03237A061FC9C1D500480A89 /* Model.xcdatamodeld in Sources */,
				032379F91FC8F2A400480A89 /* StretchViewController.swift in Sources */,
				032379FB1FC8F88100480A89 /* StretchEditController.swift in Sources */,
				03E31D091FCB66CE003E145B /* RootTabController.swift in Sources */,
				03471BFE1FCC7CFE008671A7 /* AutoEnumAllCases.generated.swift in Sources */,
				036F18BF1FC19FCA00D5FC02 /* RatingControl.swift in Sources */,
				03237A3E1FCA266600480A89 /* PickerTableController.swift in Sources */,
				036F189F1FC1747B00D5FC02 /* AppDelegate.swift in Sources */,
			);
			runOnlyForDeploymentPostprocessing = 0;
		};
		036F18AB1FC1747B00D5FC02 /* Sources */ = {
			isa = PBXSourcesBuildPhase;
			buildActionMask = 2147483647;
			files = (
				036F18B41FC1747B00D5FC02 /* FantastretchTests.swift in Sources */,
			);
			runOnlyForDeploymentPostprocessing = 0;
		};
		03E31D0C1FCB80EF003E145B /* Sources */ = {
			isa = PBXSourcesBuildPhase;
			buildActionMask = 2147483647;
			files = (
				03E31D131FCB80EF003E145B /* FantastretchUITests.swift in Sources */,
			);
			runOnlyForDeploymentPostprocessing = 0;
		};
/* End PBXSourcesBuildPhase section */

/* Begin PBXTargetDependency section */
		036F18B11FC1747B00D5FC02 /* PBXTargetDependency */ = {
			isa = PBXTargetDependency;
			target = 036F189A1FC1747B00D5FC02 /* Fantastretch */;
			targetProxy = 036F18B01FC1747B00D5FC02 /* PBXContainerItemProxy */;
		};
		03E31D161FCB80EF003E145B /* PBXTargetDependency */ = {
			isa = PBXTargetDependency;
			target = 036F189A1FC1747B00D5FC02 /* Fantastretch */;
			targetProxy = 03E31D151FCB80EF003E145B /* PBXContainerItemProxy */;
		};
/* End PBXTargetDependency section */

/* Begin PBXVariantGroup section */
		036F18A21FC1747B00D5FC02 /* Main.storyboard */ = {
			isa = PBXVariantGroup;
			children = (
				036F18A31FC1747B00D5FC02 /* Base */,
			);
			name = Main.storyboard;
			sourceTree = "<group>";
		};
		036F18A71FC1747B00D5FC02 /* LaunchScreen.storyboard */ = {
			isa = PBXVariantGroup;
			children = (
				036F18A81FC1747B00D5FC02 /* Base */,
			);
			name = LaunchScreen.storyboard;
			sourceTree = "<group>";
		};
/* End PBXVariantGroup section */

/* Begin XCBuildConfiguration section */
		036F18B61FC1747B00D5FC02 /* Debug */ = {
			isa = XCBuildConfiguration;
			buildSettings = {
				ALWAYS_SEARCH_USER_PATHS = NO;
				CLANG_ANALYZER_NONNULL = YES;
				CLANG_ANALYZER_NUMBER_OBJECT_CONVERSION = YES_AGGRESSIVE;
				CLANG_CXX_LANGUAGE_STANDARD = "gnu++14";
				CLANG_CXX_LIBRARY = "libc++";
				CLANG_ENABLE_MODULES = YES;
				CLANG_ENABLE_OBJC_ARC = YES;
				CLANG_WARN_BLOCK_CAPTURE_AUTORELEASING = YES;
				CLANG_WARN_BOOL_CONVERSION = YES;
				CLANG_WARN_COMMA = YES;
				CLANG_WARN_CONSTANT_CONVERSION = YES;
				CLANG_WARN_DIRECT_OBJC_ISA_USAGE = YES_ERROR;
				CLANG_WARN_DOCUMENTATION_COMMENTS = YES;
				CLANG_WARN_EMPTY_BODY = YES;
				CLANG_WARN_ENUM_CONVERSION = YES;
				CLANG_WARN_INFINITE_RECURSION = YES;
				CLANG_WARN_INT_CONVERSION = YES;
				CLANG_WARN_NON_LITERAL_NULL_CONVERSION = YES;
				CLANG_WARN_OBJC_LITERAL_CONVERSION = YES;
				CLANG_WARN_OBJC_ROOT_CLASS = YES_ERROR;
				CLANG_WARN_RANGE_LOOP_ANALYSIS = YES;
				CLANG_WARN_STRICT_PROTOTYPES = YES;
				CLANG_WARN_SUSPICIOUS_MOVE = YES;
				CLANG_WARN_UNGUARDED_AVAILABILITY = YES_AGGRESSIVE;
				CLANG_WARN_UNREACHABLE_CODE = YES;
				CLANG_WARN__DUPLICATE_METHOD_MATCH = YES;
				CODE_SIGN_IDENTITY = "iPhone Developer";
				COPY_PHASE_STRIP = NO;
				DEBUG_INFORMATION_FORMAT = dwarf;
				ENABLE_STRICT_OBJC_MSGSEND = YES;
				ENABLE_TESTABILITY = YES;
				GCC_C_LANGUAGE_STANDARD = gnu11;
				GCC_DYNAMIC_NO_PIC = NO;
				GCC_NO_COMMON_BLOCKS = YES;
				GCC_OPTIMIZATION_LEVEL = 0;
				GCC_PREPROCESSOR_DEFINITIONS = (
					"DEBUG=1",
					"$(inherited)",
				);
				GCC_WARN_64_TO_32_BIT_CONVERSION = YES;
				GCC_WARN_ABOUT_RETURN_TYPE = YES_ERROR;
				GCC_WARN_UNDECLARED_SELECTOR = YES;
				GCC_WARN_UNINITIALIZED_AUTOS = YES_AGGRESSIVE;
				GCC_WARN_UNUSED_FUNCTION = YES;
				GCC_WARN_UNUSED_VARIABLE = YES;
				IPHONEOS_DEPLOYMENT_TARGET = 11.1;
				MTL_ENABLE_DEBUG_INFO = YES;
				ONLY_ACTIVE_ARCH = YES;
				SDKROOT = iphoneos;
				SWIFT_ACTIVE_COMPILATION_CONDITIONS = DEBUG;
				SWIFT_OPTIMIZATION_LEVEL = "-Onone";
			};
			name = Debug;
		};
		036F18B71FC1747B00D5FC02 /* Release */ = {
			isa = XCBuildConfiguration;
			buildSettings = {
				ALWAYS_SEARCH_USER_PATHS = NO;
				CLANG_ANALYZER_NONNULL = YES;
				CLANG_ANALYZER_NUMBER_OBJECT_CONVERSION = YES_AGGRESSIVE;
				CLANG_CXX_LANGUAGE_STANDARD = "gnu++14";
				CLANG_CXX_LIBRARY = "libc++";
				CLANG_ENABLE_MODULES = YES;
				CLANG_ENABLE_OBJC_ARC = YES;
				CLANG_WARN_BLOCK_CAPTURE_AUTORELEASING = YES;
				CLANG_WARN_BOOL_CONVERSION = YES;
				CLANG_WARN_COMMA = YES;
				CLANG_WARN_CONSTANT_CONVERSION = YES;
				CLANG_WARN_DIRECT_OBJC_ISA_USAGE = YES_ERROR;
				CLANG_WARN_DOCUMENTATION_COMMENTS = YES;
				CLANG_WARN_EMPTY_BODY = YES;
				CLANG_WARN_ENUM_CONVERSION = YES;
				CLANG_WARN_INFINITE_RECURSION = YES;
				CLANG_WARN_INT_CONVERSION = YES;
				CLANG_WARN_NON_LITERAL_NULL_CONVERSION = YES;
				CLANG_WARN_OBJC_LITERAL_CONVERSION = YES;
				CLANG_WARN_OBJC_ROOT_CLASS = YES_ERROR;
				CLANG_WARN_RANGE_LOOP_ANALYSIS = YES;
				CLANG_WARN_STRICT_PROTOTYPES = YES;
				CLANG_WARN_SUSPICIOUS_MOVE = YES;
				CLANG_WARN_UNGUARDED_AVAILABILITY = YES_AGGRESSIVE;
				CLANG_WARN_UNREACHABLE_CODE = YES;
				CLANG_WARN__DUPLICATE_METHOD_MATCH = YES;
				CODE_SIGN_IDENTITY = "iPhone Developer";
				COPY_PHASE_STRIP = NO;
				DEBUG_INFORMATION_FORMAT = "dwarf-with-dsym";
				ENABLE_NS_ASSERTIONS = NO;
				ENABLE_STRICT_OBJC_MSGSEND = YES;
				GCC_C_LANGUAGE_STANDARD = gnu11;
				GCC_NO_COMMON_BLOCKS = YES;
				GCC_WARN_64_TO_32_BIT_CONVERSION = YES;
				GCC_WARN_ABOUT_RETURN_TYPE = YES_ERROR;
				GCC_WARN_UNDECLARED_SELECTOR = YES;
				GCC_WARN_UNINITIALIZED_AUTOS = YES_AGGRESSIVE;
				GCC_WARN_UNUSED_FUNCTION = YES;
				GCC_WARN_UNUSED_VARIABLE = YES;
				IPHONEOS_DEPLOYMENT_TARGET = 11.1;
				MTL_ENABLE_DEBUG_INFO = NO;
				SDKROOT = iphoneos;
				SWIFT_OPTIMIZATION_LEVEL = "-Owholemodule";
				VALIDATE_PRODUCT = YES;
			};
			name = Release;
		};
		036F18B91FC1747B00D5FC02 /* Debug */ = {
			isa = XCBuildConfiguration;
			buildSettings = {
				ASSETCATALOG_COMPILER_APPICON_NAME = AppIcon;
				CODE_SIGN_STYLE = Automatic;
				DEVELOPMENT_TEAM = CKFQ3S4U4C;
				INFOPLIST_FILE = Fantastretch/Info.plist;
				LD_RUNPATH_SEARCH_PATHS = "$(inherited) @executable_path/Frameworks";
				PRODUCT_BUNDLE_IDENTIFIER = com.vleue.Fantastretch;
				PRODUCT_NAME = "$(TARGET_NAME)";
				SWIFT_VERSION = 4.0;
				TARGETED_DEVICE_FAMILY = "1,2";
			};
			name = Debug;
		};
		036F18BA1FC1747B00D5FC02 /* Release */ = {
			isa = XCBuildConfiguration;
			buildSettings = {
				ASSETCATALOG_COMPILER_APPICON_NAME = AppIcon;
				CODE_SIGN_STYLE = Automatic;
				DEVELOPMENT_TEAM = CKFQ3S4U4C;
				INFOPLIST_FILE = Fantastretch/Info.plist;
				LD_RUNPATH_SEARCH_PATHS = "$(inherited) @executable_path/Frameworks";
				PRODUCT_BUNDLE_IDENTIFIER = com.vleue.Fantastretch;
				PRODUCT_NAME = "$(TARGET_NAME)";
				SWIFT_VERSION = 4.0;
				TARGETED_DEVICE_FAMILY = "1,2";
			};
			name = Release;
		};
		036F18BC1FC1747B00D5FC02 /* Debug */ = {
			isa = XCBuildConfiguration;
			buildSettings = {
				ALWAYS_EMBED_SWIFT_STANDARD_LIBRARIES = YES;
				BUNDLE_LOADER = "$(TEST_HOST)";
				CODE_SIGN_STYLE = Automatic;
				DEVELOPMENT_TEAM = CKFQ3S4U4C;
				INFOPLIST_FILE = FantastretchTests/Info.plist;
				LD_RUNPATH_SEARCH_PATHS = "$(inherited) @executable_path/Frameworks @loader_path/Frameworks";
				PRODUCT_BUNDLE_IDENTIFIER = com.vleue.FantastretchTests;
				PRODUCT_NAME = "$(TARGET_NAME)";
				SWIFT_VERSION = 4.0;
				TARGETED_DEVICE_FAMILY = "1,2";
				TEST_HOST = "$(BUILT_PRODUCTS_DIR)/Fantastretch.app/Fantastretch";
			};
			name = Debug;
		};
		036F18BD1FC1747B00D5FC02 /* Release */ = {
			isa = XCBuildConfiguration;
			buildSettings = {
				ALWAYS_EMBED_SWIFT_STANDARD_LIBRARIES = YES;
				BUNDLE_LOADER = "$(TEST_HOST)";
				CODE_SIGN_STYLE = Automatic;
				DEVELOPMENT_TEAM = CKFQ3S4U4C;
				INFOPLIST_FILE = FantastretchTests/Info.plist;
				LD_RUNPATH_SEARCH_PATHS = "$(inherited) @executable_path/Frameworks @loader_path/Frameworks";
				PRODUCT_BUNDLE_IDENTIFIER = com.vleue.FantastretchTests;
				PRODUCT_NAME = "$(TARGET_NAME)";
				SWIFT_VERSION = 4.0;
				TARGETED_DEVICE_FAMILY = "1,2";
				TEST_HOST = "$(BUILT_PRODUCTS_DIR)/Fantastretch.app/Fantastretch";
			};
			name = Release;
		};
		03E31D181FCB80EF003E145B /* Debug */ = {
			isa = XCBuildConfiguration;
			buildSettings = {
				CODE_SIGN_STYLE = Automatic;
				DEVELOPMENT_TEAM = CKFQ3S4U4C;
				INFOPLIST_FILE = FantastretchUITests/Info.plist;
				LD_RUNPATH_SEARCH_PATHS = "$(inherited) @executable_path/Frameworks @loader_path/Frameworks";
				PRODUCT_BUNDLE_IDENTIFIER = com.vleue.FantastretchUITests;
				PRODUCT_NAME = "$(TARGET_NAME)";
				SWIFT_VERSION = 4.0;
				TARGETED_DEVICE_FAMILY = "1,2";
				TEST_TARGET_NAME = Fantastretch;
			};
			name = Debug;
		};
		03E31D191FCB80EF003E145B /* Release */ = {
			isa = XCBuildConfiguration;
			buildSettings = {
				CODE_SIGN_STYLE = Automatic;
				DEVELOPMENT_TEAM = CKFQ3S4U4C;
				INFOPLIST_FILE = FantastretchUITests/Info.plist;
				LD_RUNPATH_SEARCH_PATHS = "$(inherited) @executable_path/Frameworks @loader_path/Frameworks";
				PRODUCT_BUNDLE_IDENTIFIER = com.vleue.FantastretchUITests;
				PRODUCT_NAME = "$(TARGET_NAME)";
				SWIFT_VERSION = 4.0;
				TARGETED_DEVICE_FAMILY = "1,2";
				TEST_TARGET_NAME = Fantastretch;
			};
			name = Release;
		};
/* End XCBuildConfiguration section */

/* Begin XCConfigurationList section */
		036F18961FC1747A00D5FC02 /* Build configuration list for PBXProject "Fantastretch" */ = {
			isa = XCConfigurationList;
			buildConfigurations = (
				036F18B61FC1747B00D5FC02 /* Debug */,
				036F18B71FC1747B00D5FC02 /* Release */,
			);
			defaultConfigurationIsVisible = 0;
			defaultConfigurationName = Release;
		};
		036F18B81FC1747B00D5FC02 /* Build configuration list for PBXNativeTarget "Fantastretch" */ = {
			isa = XCConfigurationList;
			buildConfigurations = (
				036F18B91FC1747B00D5FC02 /* Debug */,
				036F18BA1FC1747B00D5FC02 /* Release */,
			);
			defaultConfigurationIsVisible = 0;
			defaultConfigurationName = Release;
		};
		036F18BB1FC1747B00D5FC02 /* Build configuration list for PBXNativeTarget "FantastretchTests" */ = {
			isa = XCConfigurationList;
			buildConfigurations = (
				036F18BC1FC1747B00D5FC02 /* Debug */,
				036F18BD1FC1747B00D5FC02 /* Release */,
			);
			defaultConfigurationIsVisible = 0;
			defaultConfigurationName = Release;
		};
		03E31D171FCB80EF003E145B /* Build configuration list for PBXNativeTarget "FantastretchUITests" */ = {
			isa = XCConfigurationList;
			buildConfigurations = (
				03E31D181FCB80EF003E145B /* Debug */,
				03E31D191FCB80EF003E145B /* Release */,
			);
			defaultConfigurationIsVisible = 0;
			defaultConfigurationName = Release;
		};
/* End XCConfigurationList section */

/* Begin XCVersionGroup section */
		03237A041FC9C1D500480A89 /* Model.xcdatamodeld */ = {
			isa = XCVersionGroup;
			children = (
				03237A051FC9C1D500480A89 /* Model.xcdatamodel */,
			);
			currentVersion = 03237A051FC9C1D500480A89 /* Model.xcdatamodel */;
			path = Model.xcdatamodeld;
			sourceTree = "<group>";
			versionGroupType = wrapper.xcdatamodel;
		};
/* End XCVersionGroup section */
	};
	rootObject = 036F18931FC1747A00D5FC02 /* Project object */;
}
